
Microsoft Visual Studio Solution File, Format Version 12.00
# Visual Studio Version 17
VisualStudioVersion = 17.5.002.0
MinimumVisualStudioVersion = 10.0.40219.1
Project("{9A19103F-16F7-4668-BE54-9A1E7A4F7556}") = "BookApi", "BookApi\BookApi.csproj", "{D0C2F052-152B-4F3D-ABD6-8023D022A712}"
EndProject
Global
	GlobalSection(SolutionConfigurationPlatforms) = preSolution
		Debug|Any CPU = Debug|Any CPU
		Release|Any CPU = Release|Any CPU
	EndGlobalSection
	GlobalSection(ProjectConfigurationPlatforms) = postSolution
		{D0C2F052-152B-4F3D-ABD6-8023D022A712}.Debug|Any CPU.ActiveCfg = Debug|Any CPU
		{D0C2F052-152B-4F3D-ABD6-8023D022A712}.Debug|Any CPU.Build.0 = Debug|Any CPU
		{D0C2F052-152B-4F3D-ABD6-8023D022A712}.Release|Any CPU.ActiveCfg = Release|Any CPU
		{D0C2F052-152B-4F3D-ABD6-8023D022A712}.Release|Any CPU.Build.0 = Release|Any CPU
	EndGlobalSection
	GlobalSection(SolutionProperties) = preSolution
		HideSolutionNode = FALSE
	EndGlobalSection
	GlobalSection(ExtensibilityGlobals) = postSolution
		SolutionGuid = {BE958168-2032-4254-ACA5-C545B037171C}
	EndGlobalSection
EndGlobal
